
Microsoft Visual Studio Solution File, Format Version 12.00
# Visual Studio Version 16
VisualStudioVersion = 16.0.30413.136
MinimumVisualStudioVersion = 10.0.40219.1
Project("{FAE04EC0-301F-11D3-BF4B-00C04F79EFBC}") = "WPF Calculator", "WPF Calculator\WPF Calculator.csproj", "{A76F19EE-5B6D-4BF2-84E8-0BF55369C93D}"
EndProject
Global
	GlobalSection(SolutionConfigurationPlatforms) = preSolution
		Debug|Any CPU = Debug|Any CPU
		Release|Any CPU = Release|Any CPU
	EndGlobalSection
	GlobalSection(ProjectConfigurationPlatforms) = postSolution
		{A76F19EE-5B6D-4BF2-84E8-0BF55369C93D}.Debug|Any CPU.ActiveCfg = Debug|Any CPU
		{A76F19EE-5B6D-4BF2-84E8-0BF55369C93D}.Debug|Any CPU.Build.0 = Debug|Any CPU
		{A76F19EE-5B6D-4BF2-84E8-0BF55369C93D}.Release|Any CPU.ActiveCfg = Release|Any CPU
		{A76F19EE-5B6D-4BF2-84E8-0BF55369C93D}.Release|Any CPU.Build.0 = Release|Any CPU
	EndGlobalSection
	GlobalSection(SolutionProperties) = preSolution
		HideSolutionNode = FALSE
	EndGlobalSection
	GlobalSection(ExtensibilityGlobals) = postSolution
		SolutionGuid = {46E4928A-ABBF-4D94-8636-87E529443278}
	EndGlobalSection
EndGlobal
